
Microsoft Visual Studio Solution File, Format Version 12.00
Project("{FAE04EC0-301F-11D3-BF4B-00C04F79EFBC}") = "CatsApi", "CatsApi.csproj", "{5C452627-37AD-4C0A-9F1A-12B52619BFEE}"
EndProject
Global
	GlobalSection(SolutionConfigurationPlatforms) = preSolution
		Debug|Any CPU = Debug|Any CPU
		Release|Any CPU = Release|Any CPU
	EndGlobalSection
	GlobalSection(ProjectConfigurationPlatforms) = postSolution
		{5C452627-37AD-4C0A-9F1A-12B52619BFEE}.Debug|Any CPU.ActiveCfg = Debug|Any CPU
		{5C452627-37AD-4C0A-9F1A-12B52619BFEE}.Debug|Any CPU.Build.0 = Debug|Any CPU
		{5C452627-37AD-4C0A-9F1A-12B52619BFEE}.Release|Any CPU.ActiveCfg = Release|Any CPU
		{5C452627-37AD-4C0A-9F1A-12B52619BFEE}.Release|Any CPU.Build.0 = Release|Any CPU
	EndGlobalSection
EndGlobal
